// !$*UTF8*$!
{
	archiveVersion = 1;
	classes = {
	};
	objectVersion = 46;
	objects = {

/* Begin PBXBuildFile section */
		BD0CAC251E9A42D200E49782 /* TopAnimalCategory.m in Sources */ = {isa = PBXBuildFile; fileRef = BD0CAC241E9A42D200E49782 /* TopAnimalCategory.m */; };
		BD219CCD1E7EC82F0040E092 /* main.m in Sources */ = {isa = PBXBuildFile; fileRef = BD219CCC1E7EC82F0040E092 /* main.m */; };
		BD219CD01E7EC82F0040E092 /* AppDelegate.m in Sources */ = {isa = PBXBuildFile; fileRef = BD219CCF1E7EC82F0040E092 /* AppDelegate.m */; };
		BD219CD81E7EC82F0040E092 /* Assets.xcassets in Resources */ = {isa = PBXBuildFile; fileRef = BD219CD71E7EC82F0040E092 /* Assets.xcassets */; };
		BD219CDB1E7EC82F0040E092 /* LaunchScreen.storyboard in Resources */ = {isa = PBXBuildFile; fileRef = BD219CD91E7EC82F0040E092 /* LaunchScreen.storyboard */; };
		BD219FEE1E7EC98A0040E092 /* TopFramework.framework in Frameworks */ = {isa = PBXBuildFile; fileRef = BD219FED1E7EC98A0040E092 /* TopFramework.framework */; };
		BD219FEF1E7EC98A0040E092 /* TopFramework.framework in Embed Frameworks */ = {isa = PBXBuildFile; fileRef = BD219FED1E7EC98A0040E092 /* TopFramework.framework */; settings = {ATTRIBUTES = (CodeSignOnCopy, RemoveHeadersOnCopy, ); }; };
		BD21A08C1E84695B0040E092 /* TopAnimalObject.m in Sources */ = {isa = PBXBuildFile; fileRef = BD21A08B1E84695B0040E092 /* TopAnimalObject.m */; };
		BD21A08F1E846A5B0040E092 /* TopAnimalPage.m in Sources */ = {isa = PBXBuildFile; fileRef = BD21A08E1E846A5B0040E092 /* TopAnimalPage.m */; };
/* End PBXBuildFile section */

/* Begin PBXCopyFilesBuildPhase section */
		BD219FF01E7EC98A0040E092 /* Embed Frameworks */ = {
			isa = PBXCopyFilesBuildPhase;
			buildActionMask = 2147483647;
			dstPath = "";
			dstSubfolderSpec = 10;
			files = (
				BD219FEF1E7EC98A0040E092 /* TopFramework.framework in Embed Frameworks */,
			);
			name = "Embed Frameworks";
			runOnlyForDeploymentPostprocessing = 0;
		};
/* End PBXCopyFilesBuildPhase section */

/* Begin PBXFileReference section */
		BD0CAC231E9A42D200E49782 /* TopAnimalCategory.h */ = {isa = PBXFileReference; fileEncoding = 4; lastKnownFileType = sourcecode.c.h; path = TopAnimalCategory.h; sourceTree = "<group>"; };
		BD0CAC241E9A42D200E49782 /* TopAnimalCategory.m */ = {isa = PBXFileReference; fileEncoding = 4; lastKnownFileType = sourcecode.c.objc; path = TopAnimalCategory.m; sourceTree = "<group>"; };
		BD219CC81E7EC82F0040E092 /* TopAnimals.app */ = {isa = PBXFileReference; explicitFileType = wrapper.application; includeInIndex = 0; path = TopAnimals.app; sourceTree = BUILT_PRODUCTS_DIR; };
		BD219CCC1E7EC82F0040E092 /* main.m */ = {isa = PBXFileReference; lastKnownFileType = sourcecode.c.objc; path = main.m; sourceTree = "<group>"; };
		BD219CCE1E7EC82F0040E092 /* AppDelegate.h */ = {isa = PBXFileReference; lastKnownFileType = sourcecode.c.h; path = AppDelegate.h; sourceTree = "<group>"; };
		BD219CCF1E7EC82F0040E092 /* AppDelegate.m */ = {isa = PBXFileReference; lastKnownFileType = sourcecode.c.objc; path = AppDelegate.m; sourceTree = "<group>"; };
		BD219CD71E7EC82F0040E092 /* Assets.xcassets */ = {isa = PBXFileReference; lastKnownFileType = folder.assetcatalog; path = Assets.xcassets; sourceTree = "<group>"; };
		BD219CDA1E7EC82F0040E092 /* Base */ = {isa = PBXFileReference; lastKnownFileType = file.storyboard; name = Base; path = Base.lproj/LaunchScreen.storyboard; sourceTree = "<group>"; };
		BD219CDC1E7EC82F0040E092 /* Info.plist */ = {isa = PBXFileReference; lastKnownFileType = text.plist.xml; path = Info.plist; sourceTree = "<group>"; };
		BD219FED1E7EC98A0040E092 /* TopFramework.framework */ = {isa = PBXFileReference; explicitFileType = wrapper.framework; path = TopFramework.framework; sourceTree = BUILT_PRODUCTS_DIR; };
		BD21A08A1E84695B0040E092 /* TopAnimalObject.h */ = {isa = PBXFileReference; fileEncoding = 4; lastKnownFileType = sourcecode.c.h; path = TopAnimalObject.h; sourceTree = "<group>"; };
		BD21A08B1E84695B0040E092 /* TopAnimalObject.m */ = {isa = PBXFileReference; fileEncoding = 4; lastKnownFileType = sourcecode.c.objc; path = TopAnimalObject.m; sourceTree = "<group>"; };
		BD21A08D1E846A5B0040E092 /* TopAnimalPage.h */ = {isa = PBXFileReference; fileEncoding = 4; lastKnownFileType = sourcecode.c.h; path = TopAnimalPage.h; sourceTree = "<group>"; };
		BD21A08E1E846A5B0040E092 /* TopAnimalPage.m */ = {isa = PBXFileReference; fileEncoding = 4; lastKnownFileType = sourcecode.c.objc; path = TopAnimalPage.m; sourceTree = "<group>"; };
/* End PBXFileReference section */

/* Begin PBXFrameworksBuildPhase section */
		BD219CC51E7EC82F0040E092 /* Frameworks */ = {
			isa = PBXFrameworksBuildPhase;
			buildActionMask = 2147483647;
			files = (
				BD219FEE1E7EC98A0040E092 /* TopFramework.framework in Frameworks */,
			);
			runOnlyForDeploymentPostprocessing = 0;
		};
/* End PBXFrameworksBuildPhase section */

/* Begin PBXGroup section */
		BD219CBF1E7EC82F0040E092 = {
			isa = PBXGroup;
			children = (
				BD219FED1E7EC98A0040E092 /* TopFramework.framework */,
				BD219CCA1E7EC82F0040E092 /* TopAnimals */,
				BD219CC91E7EC82F0040E092 /* Products */,
			);
			sourceTree = "<group>";
		};
		BD219CC91E7EC82F0040E092 /* Products */ = {
			isa = PBXGroup;
			children = (
				BD219CC81E7EC82F0040E092 /* TopAnimals.app */,
			);
			name = Products;
			sourceTree = "<group>";
		};
		BD219CCA1E7EC82F0040E092 /* TopAnimals */ = {
			isa = PBXGroup;
			children = (
				BD219CCE1E7EC82F0040E092 /* AppDelegate.h */,
				BD219CCF1E7EC82F0040E092 /* AppDelegate.m */,
				BD21A08A1E84695B0040E092 /* TopAnimalObject.h */,
				BD21A08B1E84695B0040E092 /* TopAnimalObject.m */,
				BD21A08D1E846A5B0040E092 /* TopAnimalPage.h */,
				BD21A08E1E846A5B0040E092 /* TopAnimalPage.m */,
				BD0CAC231E9A42D200E49782 /* TopAnimalCategory.h */,
				BD0CAC241E9A42D200E49782 /* TopAnimalCategory.m */,
				BD219CD71E7EC82F0040E092 /* Assets.xcassets */,
				BD219CD91E7EC82F0040E092 /* LaunchScreen.storyboard */,
				BD219CDC1E7EC82F0040E092 /* Info.plist */,
				BD219CCB1E7EC82F0040E092 /* Supporting Files */,
			);
			path = TopAnimals;
			sourceTree = "<group>";
		};
		BD219CCB1E7EC82F0040E092 /* Supporting Files */ = {
			isa = PBXGroup;
			children = (
				BD219CCC1E7EC82F0040E092 /* main.m */,
			);
			name = "Supporting Files";
			sourceTree = "<group>";
		};
/* End PBXGroup section */

/* Begin PBXNativeTarget section */
		BD219CC71E7EC82F0040E092 /* TopAnimals */ = {
			isa = PBXNativeTarget;
			buildConfigurationList = BD219CF51E7EC8300040E092 /* Build configuration list for PBXNativeTarget "TopAnimals" */;
			buildPhases = (
				BD219CC41E7EC82F0040E092 /* Sources */,
				BD219CC51E7EC82F0040E092 /* Frameworks */,
				BD219CC61E7EC82F0040E092 /* Resources */,
				BD219FF01E7EC98A0040E092 /* Embed Frameworks */,
			);
			buildRules = (
			);
			dependencies = (
			);
			name = TopAnimals;
			productName = TopAnimals;
			productReference = BD219CC81E7EC82F0040E092 /* TopAnimals.app */;
			productType = "com.apple.product-type.application";
		};
/* End PBXNativeTarget section */

/* Begin PBXProject section */
		BD219CC01E7EC82F0040E092 /* Project object */ = {
			isa = PBXProject;
			attributes = {
				LastUpgradeCheck = 0820;
				ORGANIZATIONNAME = "Jacopo Pappalettera";
				TargetAttributes = {
					BD219CC71E7EC82F0040E092 = {
						CreatedOnToolsVersion = 8.2.1;
						DevelopmentTeam = UUVDK94NSQ;
						ProvisioningStyle = Automatic;
					};
				};
			};
			buildConfigurationList = BD219CC31E7EC82F0040E092 /* Build configuration list for PBXProject "TopAnimals" */;
			compatibilityVersion = "Xcode 3.2";
			developmentRegion = English;
			hasScannedForEncodings = 0;
			knownRegions = (
				en,
				Base,
			);
			mainGroup = BD219CBF1E7EC82F0040E092;
			productRefGroup = BD219CC91E7EC82F0040E092 /* Products */;
			projectDirPath = "";
			projectRoot = "";
			targets = (
				BD219CC71E7EC82F0040E092 /* TopAnimals */,
			);
		};
/* End PBXProject section */

/* Begin PBXResourcesBuildPhase section */
		BD219CC61E7EC82F0040E092 /* Resources */ = {
			isa = PBXResourcesBuildPhase;
			buildActionMask = 2147483647;
			files = (
				BD219CDB1E7EC82F0040E092 /* LaunchScreen.storyboard in Resources */,
				BD219CD81E7EC82F0040E092 /* Assets.xcassets in Resources */,
			);
			runOnlyForDeploymentPostprocessing = 0;
		};
/* End PBXResourcesBuildPhase section */

/* Begin PBXSourcesBuildPhase section */
		BD219CC41E7EC82F0040E092 /* Sources */ = {
			isa = PBXSourcesBuildPhase;
			buildActionMask = 2147483647;
			files = (
				BD21A08F1E846A5B0040E092 /* TopAnimalPage.m in Sources */,
				BD21A08C1E84695B0040E092 /* TopAnimalObject.m in Sources */,
				BD219CD01E7EC82F0040E092 /* AppDelegate.m in Sources */,
				BD0CAC251E9A42D200E49782 /* TopAnimalCategory.m in Sources */,
				BD219CCD1E7EC82F0040E092 /* main.m in Sources */,
			);
			runOnlyForDeploymentPostprocessing = 0;
		};
/* End PBXSourcesBuildPhase section */

/* Begin PBXVariantGroup section */
		BD219CD91E7EC82F0040E092 /* LaunchScreen.storyboard */ = {
			isa = PBXVariantGroup;
			children = (
				BD219CDA1E7EC82F0040E092 /* Base */,
			);
			name = LaunchScreen.storyboard;
			sourceTree = "<group>";
		};
/* End PBXVariantGroup section */

/* Begin XCBuildConfiguration section */
		BD219CF31E7EC8300040E092 /* Debug */ = {
			isa = XCBuildConfiguration;
			buildSettings = {
				ALWAYS_SEARCH_USER_PATHS = NO;
				CLANG_ANALYZER_NONNULL = YES;
				CLANG_CXX_LANGUAGE_STANDARD = "gnu++0x";
				CLANG_CXX_LIBRARY = "libc++";
				CLANG_ENABLE_MODULES = YES;
				CLANG_ENABLE_OBJC_ARC = YES;
				CLANG_WARN_BOOL_CONVERSION = YES;
				CLANG_WARN_CONSTANT_CONVERSION = YES;
				CLANG_WARN_DIRECT_OBJC_ISA_USAGE = YES_ERROR;
				CLANG_WARN_DOCUMENTATION_COMMENTS = YES;
				CLANG_WARN_EMPTY_BODY = YES;
				CLANG_WARN_ENUM_CONVERSION = YES;
				CLANG_WARN_INFINITE_RECURSION = YES;
				CLANG_WARN_INT_CONVERSION = YES;
				CLANG_WARN_OBJC_ROOT_CLASS = YES_ERROR;
				CLANG_WARN_SUSPICIOUS_MOVE = YES;
				CLANG_WARN_UNREACHABLE_CODE = YES;
				CLANG_WARN__DUPLICATE_METHOD_MATCH = YES;
				"CODE_SIGN_IDENTITY[sdk=iphoneos*]" = "iPhone Developer";
				COPY_PHASE_STRIP = NO;
				DEBUG_INFORMATION_FORMAT = dwarf;
				ENABLE_STRICT_OBJC_MSGSEND = YES;
				ENABLE_TESTABILITY = YES;
				GCC_C_LANGUAGE_STANDARD = gnu99;
				GCC_DYNAMIC_NO_PIC = NO;
				GCC_NO_COMMON_BLOCKS = YES;
				GCC_OPTIMIZATION_LEVEL = 0;
				GCC_PREPROCESSOR_DEFINITIONS = (
					"DEBUG=1",
					"$(inherited)",
				);
				GCC_WARN_64_TO_32_BIT_CONVERSION = YES;
				GCC_WARN_ABOUT_RETURN_TYPE = YES_ERROR;
				GCC_WARN_UNDECLARED_SELECTOR = YES;
				GCC_WARN_UNINITIALIZED_AUTOS = YES_AGGRESSIVE;
				GCC_WARN_UNUSED_FUNCTION = YES;
				GCC_WARN_UNUSED_VARIABLE = YES;
				IPHONEOS_DEPLOYMENT_TARGET = 10.2;
				MTL_ENABLE_DEBUG_INFO = YES;
				ONLY_ACTIVE_ARCH = YES;
				SDKROOT = iphoneos;
				TARGETED_DEVICE_FAMILY = "1,2";
			};
			name = Debug;
		};
		BD219CF41E7EC8300040E092 /* Release */ = {
			isa = XCBuildConfiguration;
			buildSettings = {
				ALWAYS_SEARCH_USER_PATHS = NO;
				CLANG_ANALYZER_NONNULL = YES;
				CLANG_CXX_LANGUAGE_STANDARD = "gnu++0x";
				CLANG_CXX_LIBRARY = "libc++";
				CLANG_ENABLE_MODULES = YES;
				CLANG_ENABLE_OBJC_ARC = YES;
				CLANG_WARN_BOOL_CONVERSION = YES;
				CLANG_WARN_CONSTANT_CONVERSION = YES;
				CLANG_WARN_DIRECT_OBJC_ISA_USAGE = YES_ERROR;
				CLANG_WARN_DOCUMENTATION_COMMENTS = YES;
				CLANG_WARN_EMPTY_BODY = YES;
				CLANG_WARN_ENUM_CONVERSION = YES;
				CLANG_WARN_INFINITE_RECURSION = YES;
				CLANG_WARN_INT_CONVERSION = YES;
				CLANG_WARN_OBJC_ROOT_CLASS = YES_ERROR;
				CLANG_WARN_SUSPICIOUS_MOVE = YES;
				CLANG_WARN_UNREACHABLE_CODE = YES;
				CLANG_WARN__DUPLICATE_METHOD_MATCH = YES;
				"CODE_SIGN_IDENTITY[sdk=iphoneos*]" = "iPhone Developer";
				COPY_PHASE_STRIP = NO;
				DEBUG_INFORMATION_FORMAT = "dwarf-with-dsym";
				ENABLE_NS_ASSERTIONS = NO;
				ENABLE_STRICT_OBJC_MSGSEND = YES;
				GCC_C_LANGUAGE_STANDARD = gnu99;
				GCC_NO_COMMON_BLOCKS = YES;
				GCC_WARN_64_TO_32_BIT_CONVERSION = YES;
				GCC_WARN_ABOUT_RETURN_TYPE = YES_ERROR;
				GCC_WARN_UNDECLARED_SELECTOR = YES;
				GCC_WARN_UNINITIALIZED_AUTOS = YES_AGGRESSIVE;
				GCC_WARN_UNUSED_FUNCTION = YES;
				GCC_WARN_UNUSED_VARIABLE = YES;
				IPHONEOS_DEPLOYMENT_TARGET = 10.2;
				MTL_ENABLE_DEBUG_INFO = NO;
				SDKROOT = iphoneos;
				TARGETED_DEVICE_FAMILY = "1,2";
				VALIDATE_PRODUCT = YES;
			};
			name = Release;
		};
		BD219CF61E7EC8300040E092 /* Debug */ = {
			isa = XCBuildConfiguration;
			buildSettings = {
				ASSETCATALOG_COMPILER_APPICON_NAME = AppIcon;
				DEVELOPMENT_TEAM = UUVDK94NSQ;
				FRAMEWORK_SEARCH_PATHS = "$(PROJECT_DIR)/";
				INFOPLIST_FILE = TopAnimals/Info.plist;
				LD_RUNPATH_SEARCH_PATHS = "$(inherited) @executable_path/Frameworks";
				PRODUCT_BUNDLE_IDENTIFIER = private.TopAnimals;
				PRODUCT_NAME = "$(TARGET_NAME)";
			};
			name = Debug;
		};
		BD219CF71E7EC8300040E092 /* Release */ = {
			isa = XCBuildConfiguration;
			buildSettings = {
				ASSETCATALOG_COMPILER_APPICON_NAME = AppIcon;
				DEVELOPMENT_TEAM = UUVDK94NSQ;
				FRAMEWORK_SEARCH_PATHS = "$(PROJECT_DIR)/";
				INFOPLIST_FILE = TopAnimals/Info.plist;
				LD_RUNPATH_SEARCH_PATHS = "$(inherited) @executable_path/Frameworks";
				PRODUCT_BUNDLE_IDENTIFIER = private.TopAnimals;
				PRODUCT_NAME = "$(TARGET_NAME)";
			};
			name = Release;
		};
/* End XCBuildConfiguration section */

/* Begin XCConfigurationList section */
		BD219CC31E7EC82F0040E092 /* Build configuration list for PBXProject "TopAnimals" */ = {
			isa = XCConfigurationList;
			buildConfigurations = (
				BD219CF31E7EC8300040E092 /* Debug */,
				BD219CF41E7EC8300040E092 /* Release */,
			);
			defaultConfigurationIsVisible = 0;
			defaultConfigurationName = Release;
		};
		BD219CF51E7EC8300040E092 /* Build configuration list for PBXNativeTarget "TopAnimals" */ = {
			isa = XCConfigurationList;
			buildConfigurations = (
				BD219CF61E7EC8300040E092 /* Debug */,
				BD219CF71E7EC8300040E092 /* Release */,
			);
			defaultConfigurationIsVisible = 0;
			defaultConfigurationName = Release;
		};
/* End XCConfigurationList section */
	};
	rootObject = BD219CC01E7EC82F0040E092 /* Project object */;
}
